
Microsoft Visual Studio Solution File, Format Version 11.00
# Visual Studio 2010
Project("{FAE04EC0-301F-11D3-BF4B-00C04F79EFBC}") = "TroySecurePortMonitorUserInterface", "TroySecurePortMonitorUserInterface\TroySecurePortMonitorUserInterface.csproj", "{BF671448-A1ED-49E7-A033-7A3B143EE2AB}"
EndProject
Global
	GlobalSection(SolutionConfigurationPlatforms) = preSolution
		Debug|Any CPU = Debug|Any CPU
		Release|Any CPU = Release|Any CPU
	EndGlobalSection
	GlobalSection(ProjectConfigurationPlatforms) = postSolution
		{BF671448-A1ED-49E7-A033-7A3B143EE2AB}.Debug|Any CPU.ActiveCfg = Debug|Any CPU
		{BF671448-A1ED-49E7-A033-7A3B143EE2AB}.Debug|Any CPU.Build.0 = Debug|Any CPU
		{BF671448-A1ED-49E7-A033-7A3B143EE2AB}.Release|Any CPU.ActiveCfg = Release|Any CPU
		{BF671448-A1ED-49E7-A033-7A3B143EE2AB}.Release|Any CPU.Build.0 = Release|Any CPU
	EndGlobalSection
	GlobalSection(SolutionProperties) = preSolution
		HideSolutionNode = FALSE
	EndGlobalSection
EndGlobal
