
Microsoft Visual Studio Solution File, Format Version 12.00
# Visual Studio 2013
VisualStudioVersion = 12.0.31101.0
MinimumVisualStudioVersion = 10.0.40219.1
Project("{FAE04EC0-301F-11D3-BF4B-00C04F79EFBC}") = "TroySecurePortMonitorUserInterface", "TroySecurePortMonitorUserInterface\TroySecurePortMonitorUserInterface\TroySecurePortMonitorUserInterface.csproj", "{BF671448-A1ED-49E7-A033-7A3B143EE2AB}"
EndProject
Project("{FAE04EC0-301F-11D3-BF4B-00C04F79EFBC}") = "AddSecurePortUtility", "AddSecurePortUtility\AddSecurePortUtility\AddSecurePortUtility.csproj", "{ECFEBBF8-CCA9-43E8-9C44-A117ACF3738E}"
EndProject
Project("{FAE04EC0-301F-11D3-BF4B-00C04F79EFBC}") = "CustomInstallFunctions", "CustomInstallFunctions\CustomInstallFunctions\CustomInstallFunctions.csproj", "{EA3BABE9-4CC4-49A5-8B02-AA9559D3D577}"
EndProject
Project("{FAE04EC0-301F-11D3-BF4B-00C04F79EFBC}") = "Troy.PortMonitor.Core", "..\TSPE\TroyPortMonitor.Core\Troy.PortMonitor.Core.csproj", "{AFD60FF2-6F0A-4CF6-B8A9-E9956197B099}"
EndProject
Project("{FAE04EC0-301F-11D3-BF4B-00C04F79EFBC}") = "TroyPortMonitorService", "TroyPortMonitorService\TroyPortMonitorService.csproj", "{52FBB213-7407-4F6A-977D-2AA23A774618}"
EndProject
Project("{FAE04EC0-301F-11D3-BF4B-00C04F79EFBC}") = "TroyMarkPclBuilder", "..\TSPE\TroyMarkPclBuilder\TroyMarkPclBuilder.csproj", "{F04AAFF5-642D-429D-9592-6EC42996FB5F}"
EndProject
Project("{8BC9CEB8-8B4A-11D0-8D11-00A0C91BC942}") = "PantographPclBuilder", "..\TSPE\PantographCreator\PantographCreator.csproj", "{9367B43C-9A2A-4DFF-9B52-ACA559917810}"
EndProject
Project("{6141683F-8A12-4E36-9623-2EB02B2C2303}") = "Setup64bit", "Setup64bit\Setup64bit.isproj", "{DA2D461D-5EBF-42E0-AAFB-F087C37DF46D}"
	ProjectSection(ProjectDependencies) = postProject
		{52FBB213-7407-4F6A-977D-2AA23A774618} = {52FBB213-7407-4F6A-977D-2AA23A774618}
		{9367B43C-9A2A-4DFF-9B52-ACA559917810} = {9367B43C-9A2A-4DFF-9B52-ACA559917810}
		{BF671448-A1ED-49E7-A033-7A3B143EE2AB} = {BF671448-A1ED-49E7-A033-7A3B143EE2AB}
		{0DC6D1B6-0A61-47F3-BEEE-C5A141987986} = {0DC6D1B6-0A61-47F3-BEEE-C5A141987986}
		{EA3BABE9-4CC4-49A5-8B02-AA9559D3D577} = {EA3BABE9-4CC4-49A5-8B02-AA9559D3D577}
		{AFD60FF2-6F0A-4CF6-B8A9-E9956197B099} = {AFD60FF2-6F0A-4CF6-B8A9-E9956197B099}
		{F04AAFF5-642D-429D-9592-6EC42996FB5F} = {F04AAFF5-642D-429D-9592-6EC42996FB5F}
		{ECFEBBF8-CCA9-43E8-9C44-A117ACF3738E} = {ECFEBBF8-CCA9-43E8-9C44-A117ACF3738E}
	EndProjectSection
EndProject
Project("{6141683F-8A12-4E36-9623-2EB02B2C2303}") = "Setup32bit", "Setup32bit\Setup32bit.isproj", "{65877D79-7FEA-46E8-BBD8-899269502EB9}"
	ProjectSection(ProjectDependencies) = postProject
		{52FBB213-7407-4F6A-977D-2AA23A774618} = {52FBB213-7407-4F6A-977D-2AA23A774618}
		{9367B43C-9A2A-4DFF-9B52-ACA559917810} = {9367B43C-9A2A-4DFF-9B52-ACA559917810}
		{BF671448-A1ED-49E7-A033-7A3B143EE2AB} = {BF671448-A1ED-49E7-A033-7A3B143EE2AB}
		{0DC6D1B6-0A61-47F3-BEEE-C5A141987986} = {0DC6D1B6-0A61-47F3-BEEE-C5A141987986}
		{EA3BABE9-4CC4-49A5-8B02-AA9559D3D577} = {EA3BABE9-4CC4-49A5-8B02-AA9559D3D577}
		{AFD60FF2-6F0A-4CF6-B8A9-E9956197B099} = {AFD60FF2-6F0A-4CF6-B8A9-E9956197B099}
		{F04AAFF5-642D-429D-9592-6EC42996FB5F} = {F04AAFF5-642D-429D-9592-6EC42996FB5F}
		{ECFEBBF8-CCA9-43E8-9C44-A117ACF3738E} = {ECFEBBF8-CCA9-43E8-9C44-A117ACF3738E}
	EndProjectSection
EndProject
Project("{6141683F-8A12-4E36-9623-2EB02B2C2303}") = "SetupLite32bit", "SetupLite32bit\SetupLite32bit.isproj", "{56BB9BCA-CE3F-485D-BF6B-259355DC404C}"
	ProjectSection(ProjectDependencies) = postProject
		{52FBB213-7407-4F6A-977D-2AA23A774618} = {52FBB213-7407-4F6A-977D-2AA23A774618}
		{9367B43C-9A2A-4DFF-9B52-ACA559917810} = {9367B43C-9A2A-4DFF-9B52-ACA559917810}
		{BF671448-A1ED-49E7-A033-7A3B143EE2AB} = {BF671448-A1ED-49E7-A033-7A3B143EE2AB}
		{0DC6D1B6-0A61-47F3-BEEE-C5A141987986} = {0DC6D1B6-0A61-47F3-BEEE-C5A141987986}
		{EA3BABE9-4CC4-49A5-8B02-AA9559D3D577} = {EA3BABE9-4CC4-49A5-8B02-AA9559D3D577}
		{AFD60FF2-6F0A-4CF6-B8A9-E9956197B099} = {AFD60FF2-6F0A-4CF6-B8A9-E9956197B099}
		{F04AAFF5-642D-429D-9592-6EC42996FB5F} = {F04AAFF5-642D-429D-9592-6EC42996FB5F}
		{ECFEBBF8-CCA9-43E8-9C44-A117ACF3738E} = {ECFEBBF8-CCA9-43E8-9C44-A117ACF3738E}
	EndProjectSection
EndProject
Project("{6141683F-8A12-4E36-9623-2EB02B2C2303}") = "SetupLite64bit", "SetupLite64bit\SetupLite64bit.isproj", "{D58459A7-E1C8-4499-98A8-8DD4F570FF17}"
	ProjectSection(ProjectDependencies) = postProject
		{52FBB213-7407-4F6A-977D-2AA23A774618} = {52FBB213-7407-4F6A-977D-2AA23A774618}
		{9367B43C-9A2A-4DFF-9B52-ACA559917810} = {9367B43C-9A2A-4DFF-9B52-ACA559917810}
		{BF671448-A1ED-49E7-A033-7A3B143EE2AB} = {BF671448-A1ED-49E7-A033-7A3B143EE2AB}
		{0DC6D1B6-0A61-47F3-BEEE-C5A141987986} = {0DC6D1B6-0A61-47F3-BEEE-C5A141987986}
		{EA3BABE9-4CC4-49A5-8B02-AA9559D3D577} = {EA3BABE9-4CC4-49A5-8B02-AA9559D3D577}
		{AFD60FF2-6F0A-4CF6-B8A9-E9956197B099} = {AFD60FF2-6F0A-4CF6-B8A9-E9956197B099}
		{F04AAFF5-642D-429D-9592-6EC42996FB5F} = {F04AAFF5-642D-429D-9592-6EC42996FB5F}
		{ECFEBBF8-CCA9-43E8-9C44-A117ACF3738E} = {ECFEBBF8-CCA9-43E8-9C44-A117ACF3738E}
	EndProjectSection
EndProject
Project("{6141683F-8A12-4E36-9623-2EB02B2C2303}") = "SetupProDx32bit", "SetupProDx32bit\SetupProDx32bit.isproj", "{7DDE3E31-28CD-4D45-942B-5B6A5F1C21FD}"
	ProjectSection(ProjectDependencies) = postProject
		{52FBB213-7407-4F6A-977D-2AA23A774618} = {52FBB213-7407-4F6A-977D-2AA23A774618}
		{9367B43C-9A2A-4DFF-9B52-ACA559917810} = {9367B43C-9A2A-4DFF-9B52-ACA559917810}
		{BF671448-A1ED-49E7-A033-7A3B143EE2AB} = {BF671448-A1ED-49E7-A033-7A3B143EE2AB}
		{0DC6D1B6-0A61-47F3-BEEE-C5A141987986} = {0DC6D1B6-0A61-47F3-BEEE-C5A141987986}
		{EA3BABE9-4CC4-49A5-8B02-AA9559D3D577} = {EA3BABE9-4CC4-49A5-8B02-AA9559D3D577}
		{AFD60FF2-6F0A-4CF6-B8A9-E9956197B099} = {AFD60FF2-6F0A-4CF6-B8A9-E9956197B099}
		{F04AAFF5-642D-429D-9592-6EC42996FB5F} = {F04AAFF5-642D-429D-9592-6EC42996FB5F}
		{ECFEBBF8-CCA9-43E8-9C44-A117ACF3738E} = {ECFEBBF8-CCA9-43E8-9C44-A117ACF3738E}
	EndProjectSection
EndProject
Project("{6141683F-8A12-4E36-9623-2EB02B2C2303}") = "SetupProDx64bit", "SetupProDx64bit\SetupProDx64bit.isproj", "{2DDE7289-4547-41BE-B0D8-92ABD9252D7D}"
	ProjectSection(ProjectDependencies) = postProject
		{52FBB213-7407-4F6A-977D-2AA23A774618} = {52FBB213-7407-4F6A-977D-2AA23A774618}
		{9367B43C-9A2A-4DFF-9B52-ACA559917810} = {9367B43C-9A2A-4DFF-9B52-ACA559917810}
		{BF671448-A1ED-49E7-A033-7A3B143EE2AB} = {BF671448-A1ED-49E7-A033-7A3B143EE2AB}
		{0DC6D1B6-0A61-47F3-BEEE-C5A141987986} = {0DC6D1B6-0A61-47F3-BEEE-C5A141987986}
		{EA3BABE9-4CC4-49A5-8B02-AA9559D3D577} = {EA3BABE9-4CC4-49A5-8B02-AA9559D3D577}
		{AFD60FF2-6F0A-4CF6-B8A9-E9956197B099} = {AFD60FF2-6F0A-4CF6-B8A9-E9956197B099}
		{F04AAFF5-642D-429D-9592-6EC42996FB5F} = {F04AAFF5-642D-429D-9592-6EC42996FB5F}
		{ECFEBBF8-CCA9-43E8-9C44-A117ACF3738E} = {ECFEBBF8-CCA9-43E8-9C44-A117ACF3738E}
	EndProjectSection
EndProject
Project("{FAE04EC0-301F-11D3-BF4B-00C04F79EFBC}") = "Troy.Licensing", "..\TroyLicensing\Troy.Licensing.csproj", "{0DC6D1B6-0A61-47F3-BEEE-C5A141987986}"
EndProject
Global
	GlobalSection(SolutionConfigurationPlatforms) = preSolution
		CD_ROM|Any CPU = CD_ROM|Any CPU
		CD_ROM|Mixed Platforms = CD_ROM|Mixed Platforms
		CD_ROM|Win32 = CD_ROM|Win32
		CD_ROM|x64 = CD_ROM|x64
		CD_ROM|x86 = CD_ROM|x86
		Debug|Any CPU = Debug|Any CPU
		Debug|Mixed Platforms = Debug|Mixed Platforms
		Debug|Win32 = Debug|Win32
		Debug|x64 = Debug|x64
		Debug|x86 = Debug|x86
		DVD-5|Any CPU = DVD-5|Any CPU
		DVD-5|Mixed Platforms = DVD-5|Mixed Platforms
		DVD-5|Win32 = DVD-5|Win32
		DVD-5|x64 = DVD-5|x64
		DVD-5|x86 = DVD-5|x86
		Release|Any CPU = Release|Any CPU
		Release|Mixed Platforms = Release|Mixed Platforms
		Release|Win32 = Release|Win32
		Release|x64 = Release|x64
		Release|x86 = Release|x86
		SingleImage|Any CPU = SingleImage|Any CPU
		SingleImage|Mixed Platforms = SingleImage|Mixed Platforms
		SingleImage|Win32 = SingleImage|Win32
		SingleImage|x64 = SingleImage|x64
		SingleImage|x86 = SingleImage|x86
	EndGlobalSection
	GlobalSection(ProjectConfigurationPlatforms) = postSolution
		{BF671448-A1ED-49E7-A033-7A3B143EE2AB}.CD_ROM|Any CPU.ActiveCfg = Release|Any CPU
		{BF671448-A1ED-49E7-A033-7A3B143EE2AB}.CD_ROM|Any CPU.Build.0 = Release|Any CPU
		{BF671448-A1ED-49E7-A033-7A3B143EE2AB}.CD_ROM|Mixed Platforms.ActiveCfg = Debug|Any CPU
		{BF671448-A1ED-49E7-A033-7A3B143EE2AB}.CD_ROM|Mixed Platforms.Build.0 = Debug|Any CPU
		{BF671448-A1ED-49E7-A033-7A3B143EE2AB}.CD_ROM|Win32.ActiveCfg = Debug|Any CPU
		{BF671448-A1ED-49E7-A033-7A3B143EE2AB}.CD_ROM|x64.ActiveCfg = Debug|Any CPU
		{BF671448-A1ED-49E7-A033-7A3B143EE2AB}.CD_ROM|x86.ActiveCfg = Debug|Any CPU
		{BF671448-A1ED-49E7-A033-7A3B143EE2AB}.Debug|Any CPU.ActiveCfg = Debug|Any CPU
		{BF671448-A1ED-49E7-A033-7A3B143EE2AB}.Debug|Any CPU.Build.0 = Debug|Any CPU
		{BF671448-A1ED-49E7-A033-7A3B143EE2AB}.Debug|Mixed Platforms.ActiveCfg = Debug|Any CPU
		{BF671448-A1ED-49E7-A033-7A3B143EE2AB}.Debug|Mixed Platforms.Build.0 = Debug|Any CPU
		{BF671448-A1ED-49E7-A033-7A3B143EE2AB}.Debug|Win32.ActiveCfg = Debug|Any CPU
		{BF671448-A1ED-49E7-A033-7A3B143EE2AB}.Debug|x64.ActiveCfg = Debug|Any CPU
		{BF671448-A1ED-49E7-A033-7A3B143EE2AB}.Debug|x64.Build.0 = Debug|Any CPU
		{BF671448-A1ED-49E7-A033-7A3B143EE2AB}.Debug|x86.ActiveCfg = Debug|Any CPU
		{BF671448-A1ED-49E7-A033-7A3B143EE2AB}.Debug|x86.Build.0 = Debug|Any CPU
		{BF671448-A1ED-49E7-A033-7A3B143EE2AB}.DVD-5|Any CPU.ActiveCfg = Debug|Any CPU
		{BF671448-A1ED-49E7-A033-7A3B143EE2AB}.DVD-5|Any CPU.Build.0 = Debug|Any CPU
		{BF671448-A1ED-49E7-A033-7A3B143EE2AB}.DVD-5|Mixed Platforms.ActiveCfg = Debug|Any CPU
		{BF671448-A1ED-49E7-A033-7A3B143EE2AB}.DVD-5|Mixed Platforms.Build.0 = Debug|Any CPU
		{BF671448-A1ED-49E7-A033-7A3B143EE2AB}.DVD-5|Win32.ActiveCfg = Debug|Any CPU
		{BF671448-A1ED-49E7-A033-7A3B143EE2AB}.DVD-5|x64.ActiveCfg = Debug|Any CPU
		{BF671448-A1ED-49E7-A033-7A3B143EE2AB}.DVD-5|x86.ActiveCfg = Debug|Any CPU
		{BF671448-A1ED-49E7-A033-7A3B143EE2AB}.Release|Any CPU.ActiveCfg = Release|Any CPU
		{BF671448-A1ED-49E7-A033-7A3B143EE2AB}.Release|Any CPU.Build.0 = Release|Any CPU
		{BF671448-A1ED-49E7-A033-7A3B143EE2AB}.Release|Mixed Platforms.ActiveCfg = Release|Any CPU
		{BF671448-A1ED-49E7-A033-7A3B143EE2AB}.Release|Mixed Platforms.Build.0 = Release|Any CPU
		{BF671448-A1ED-49E7-A033-7A3B143EE2AB}.Release|Win32.ActiveCfg = Release|Any CPU
		{BF671448-A1ED-49E7-A033-7A3B143EE2AB}.Release|Win32.Build.0 = Release|Any CPU
		{BF671448-A1ED-49E7-A033-7A3B143EE2AB}.Release|x64.ActiveCfg = Release|Any CPU
		{BF671448-A1ED-49E7-A033-7A3B143EE2AB}.Release|x64.Build.0 = Release|Any CPU
		{BF671448-A1ED-49E7-A033-7A3B143EE2AB}.Release|x86.ActiveCfg = Release|Any CPU
		{BF671448-A1ED-49E7-A033-7A3B143EE2AB}.Release|x86.Build.0 = Release|Any CPU
		{BF671448-A1ED-49E7-A033-7A3B143EE2AB}.SingleImage|Any CPU.ActiveCfg = Release|Any CPU
		{BF671448-A1ED-49E7-A033-7A3B143EE2AB}.SingleImage|Any CPU.Build.0 = Release|Any CPU
		{BF671448-A1ED-49E7-A033-7A3B143EE2AB}.SingleImage|Mixed Platforms.ActiveCfg = Debug|Any CPU
		{BF671448-A1ED-49E7-A033-7A3B143EE2AB}.SingleImage|Mixed Platforms.Build.0 = Debug|Any CPU
		{BF671448-A1ED-49E7-A033-7A3B143EE2AB}.SingleImage|Win32.ActiveCfg = Debug|Any CPU
		{BF671448-A1ED-49E7-A033-7A3B143EE2AB}.SingleImage|x64.ActiveCfg = Debug|Any CPU
		{BF671448-A1ED-49E7-A033-7A3B143EE2AB}.SingleImage|x86.ActiveCfg = Debug|Any CPU
		{ECFEBBF8-CCA9-43E8-9C44-A117ACF3738E}.CD_ROM|Any CPU.ActiveCfg = Release|Any CPU
		{ECFEBBF8-CCA9-43E8-9C44-A117ACF3738E}.CD_ROM|Any CPU.Build.0 = Release|Any CPU
		{ECFEBBF8-CCA9-43E8-9C44-A117ACF3738E}.CD_ROM|Mixed Platforms.ActiveCfg = Debug|Any CPU
		{ECFEBBF8-CCA9-43E8-9C44-A117ACF3738E}.CD_ROM|Mixed Platforms.Build.0 = Debug|Any CPU
		{ECFEBBF8-CCA9-43E8-9C44-A117ACF3738E}.CD_ROM|Win32.ActiveCfg = Debug|Any CPU
		{ECFEBBF8-CCA9-43E8-9C44-A117ACF3738E}.CD_ROM|x64.ActiveCfg = Debug|Any CPU
		{ECFEBBF8-CCA9-43E8-9C44-A117ACF3738E}.CD_ROM|x86.ActiveCfg = Debug|Any CPU
		{ECFEBBF8-CCA9-43E8-9C44-A117ACF3738E}.Debug|Any CPU.ActiveCfg = Debug|Any CPU
		{ECFEBBF8-CCA9-43E8-9C44-A117ACF3738E}.Debug|Any CPU.Build.0 = Debug|Any CPU
		{ECFEBBF8-CCA9-43E8-9C44-A117ACF3738E}.Debug|Mixed Platforms.ActiveCfg = Debug|Any CPU
		{ECFEBBF8-CCA9-43E8-9C44-A117ACF3738E}.Debug|Mixed Platforms.Build.0 = Debug|Any CPU
		{ECFEBBF8-CCA9-43E8-9C44-A117ACF3738E}.Debug|Win32.ActiveCfg = Debug|Any CPU
		{ECFEBBF8-CCA9-43E8-9C44-A117ACF3738E}.Debug|x64.ActiveCfg = Debug|Any CPU
		{ECFEBBF8-CCA9-43E8-9C44-A117ACF3738E}.Debug|x64.Build.0 = Debug|Any CPU
		{ECFEBBF8-CCA9-43E8-9C44-A117ACF3738E}.Debug|x86.ActiveCfg = Debug|Any CPU
		{ECFEBBF8-CCA9-43E8-9C44-A117ACF3738E}.Debug|x86.Build.0 = Debug|Any CPU
		{ECFEBBF8-CCA9-43E8-9C44-A117ACF3738E}.DVD-5|Any CPU.ActiveCfg = Debug|Any CPU
		{ECFEBBF8-CCA9-43E8-9C44-A117ACF3738E}.DVD-5|Any CPU.Build.0 = Debug|Any CPU
		{ECFEBBF8-CCA9-43E8-9C44-A117ACF3738E}.DVD-5|Mixed Platforms.ActiveCfg = Debug|Any CPU
		{ECFEBBF8-CCA9-43E8-9C44-A117ACF3738E}.DVD-5|Mixed Platforms.Build.0 = Debug|Any CPU
		{ECFEBBF8-CCA9-43E8-9C44-A117ACF3738E}.DVD-5|Win32.ActiveCfg = Debug|Any CPU
		{ECFEBBF8-CCA9-43E8-9C44-A117ACF3738E}.DVD-5|x64.ActiveCfg = Debug|Any CPU
		{ECFEBBF8-CCA9-43E8-9C44-A117ACF3738E}.DVD-5|x86.ActiveCfg = Debug|Any CPU
		{ECFEBBF8-CCA9-43E8-9C44-A117ACF3738E}.Release|Any CPU.ActiveCfg = Release|Any CPU
		{ECFEBBF8-CCA9-43E8-9C44-A117ACF3738E}.Release|Any CPU.Build.0 = Release|Any CPU
		{ECFEBBF8-CCA9-43E8-9C44-A117ACF3738E}.Release|Mixed Platforms.ActiveCfg = Release|Any CPU
		{ECFEBBF8-CCA9-43E8-9C44-A117ACF3738E}.Release|Mixed Platforms.Build.0 = Release|Any CPU
		{ECFEBBF8-CCA9-43E8-9C44-A117ACF3738E}.Release|Win32.ActiveCfg = Release|Any CPU
		{ECFEBBF8-CCA9-43E8-9C44-A117ACF3738E}.Release|Win32.Build.0 = Release|Any CPU
		{ECFEBBF8-CCA9-43E8-9C44-A117ACF3738E}.Release|x64.ActiveCfg = Release|Any CPU
		{ECFEBBF8-CCA9-43E8-9C44-A117ACF3738E}.Release|x64.Build.0 = Release|Any CPU
		{ECFEBBF8-CCA9-43E8-9C44-A117ACF3738E}.Release|x86.ActiveCfg = Release|Any CPU
		{ECFEBBF8-CCA9-43E8-9C44-A117ACF3738E}.Release|x86.Build.0 = Release|Any CPU
		{ECFEBBF8-CCA9-43E8-9C44-A117ACF3738E}.SingleImage|Any CPU.ActiveCfg = Release|Any CPU
		{ECFEBBF8-CCA9-43E8-9C44-A117ACF3738E}.SingleImage|Any CPU.Build.0 = Release|Any CPU
		{ECFEBBF8-CCA9-43E8-9C44-A117ACF3738E}.SingleImage|Mixed Platforms.ActiveCfg = Debug|Any CPU
		{ECFEBBF8-CCA9-43E8-9C44-A117ACF3738E}.SingleImage|Mixed Platforms.Build.0 = Debug|Any CPU
		{ECFEBBF8-CCA9-43E8-9C44-A117ACF3738E}.SingleImage|Win32.ActiveCfg = Debug|Any CPU
		{ECFEBBF8-CCA9-43E8-9C44-A117ACF3738E}.SingleImage|x64.ActiveCfg = Debug|Any CPU
		{ECFEBBF8-CCA9-43E8-9C44-A117ACF3738E}.SingleImage|x86.ActiveCfg = Debug|Any CPU
		{EA3BABE9-4CC4-49A5-8B02-AA9559D3D577}.CD_ROM|Any CPU.ActiveCfg = Release|Any CPU
		{EA3BABE9-4CC4-49A5-8B02-AA9559D3D577}.CD_ROM|Any CPU.Build.0 = Release|Any CPU
		{EA3BABE9-4CC4-49A5-8B02-AA9559D3D577}.CD_ROM|Mixed Platforms.ActiveCfg = Debug|Any CPU
		{EA3BABE9-4CC4-49A5-8B02-AA9559D3D577}.CD_ROM|Mixed Platforms.Build.0 = Debug|Any CPU
		{EA3BABE9-4CC4-49A5-8B02-AA9559D3D577}.CD_ROM|Win32.ActiveCfg = Debug|Any CPU
		{EA3BABE9-4CC4-49A5-8B02-AA9559D3D577}.CD_ROM|x64.ActiveCfg = Debug|Any CPU
		{EA3BABE9-4CC4-49A5-8B02-AA9559D3D577}.CD_ROM|x86.ActiveCfg = Debug|Any CPU
		{EA3BABE9-4CC4-49A5-8B02-AA9559D3D577}.Debug|Any CPU.ActiveCfg = Debug|Any CPU
		{EA3BABE9-4CC4-49A5-8B02-AA9559D3D577}.Debug|Any CPU.Build.0 = Debug|Any CPU
		{EA3BABE9-4CC4-49A5-8B02-AA9559D3D577}.Debug|Mixed Platforms.ActiveCfg = Debug|Any CPU
		{EA3BABE9-4CC4-49A5-8B02-AA9559D3D577}.Debug|Mixed Platforms.Build.0 = Debug|Any CPU
		{EA3BABE9-4CC4-49A5-8B02-AA9559D3D577}.Debug|Win32.ActiveCfg = Debug|Any CPU
		{EA3BABE9-4CC4-49A5-8B02-AA9559D3D577}.Debug|x64.ActiveCfg = Debug|Any CPU
		{EA3BABE9-4CC4-49A5-8B02-AA9559D3D577}.Debug|x64.Build.0 = Debug|Any CPU
		{EA3BABE9-4CC4-49A5-8B02-AA9559D3D577}.Debug|x86.ActiveCfg = Debug|Any CPU
		{EA3BABE9-4CC4-49A5-8B02-AA9559D3D577}.Debug|x86.Build.0 = Debug|Any CPU
		{EA3BABE9-4CC4-49A5-8B02-AA9559D3D577}.DVD-5|Any CPU.ActiveCfg = Debug|Any CPU
		{EA3BABE9-4CC4-49A5-8B02-AA9559D3D577}.DVD-5|Any CPU.Build.0 = Debug|Any CPU
		{EA3BABE9-4CC4-49A5-8B02-AA9559D3D577}.DVD-5|Mixed Platforms.ActiveCfg = Debug|Any CPU
		{EA3BABE9-4CC4-49A5-8B02-AA9559D3D577}.DVD-5|Mixed Platforms.Build.0 = Debug|Any CPU
		{EA3BABE9-4CC4-49A5-8B02-AA9559D3D577}.DVD-5|Win32.ActiveCfg = Debug|Any CPU
		{EA3BABE9-4CC4-49A5-8B02-AA9559D3D577}.DVD-5|x64.ActiveCfg = Debug|Any CPU
		{EA3BABE9-4CC4-49A5-8B02-AA9559D3D577}.DVD-5|x86.ActiveCfg = Debug|Any CPU
		{EA3BABE9-4CC4-49A5-8B02-AA9559D3D577}.Release|Any CPU.ActiveCfg = Release|Any CPU
		{EA3BABE9-4CC4-49A5-8B02-AA9559D3D577}.Release|Any CPU.Build.0 = Release|Any CPU
		{EA3BABE9-4CC4-49A5-8B02-AA9559D3D577}.Release|Mixed Platforms.ActiveCfg = Release|Any CPU
		{EA3BABE9-4CC4-49A5-8B02-AA9559D3D577}.Release|Mixed Platforms.Build.0 = Release|Any CPU
		{EA3BABE9-4CC4-49A5-8B02-AA9559D3D577}.Release|Win32.ActiveCfg = Release|Any CPU
		{EA3BABE9-4CC4-49A5-8B02-AA9559D3D577}.Release|Win32.Build.0 = Release|Any CPU
		{EA3BABE9-4CC4-49A5-8B02-AA9559D3D577}.Release|x64.ActiveCfg = Release|Any CPU
		{EA3BABE9-4CC4-49A5-8B02-AA9559D3D577}.Release|x64.Build.0 = Release|Any CPU
		{EA3BABE9-4CC4-49A5-8B02-AA9559D3D577}.Release|x86.ActiveCfg = Release|Any CPU
		{EA3BABE9-4CC4-49A5-8B02-AA9559D3D577}.Release|x86.Build.0 = Release|Any CPU
		{EA3BABE9-4CC4-49A5-8B02-AA9559D3D577}.SingleImage|Any CPU.ActiveCfg = Release|Any CPU
		{EA3BABE9-4CC4-49A5-8B02-AA9559D3D577}.SingleImage|Any CPU.Build.0 = Release|Any CPU
		{EA3BABE9-4CC4-49A5-8B02-AA9559D3D577}.SingleImage|Mixed Platforms.ActiveCfg = Debug|Any CPU
		{EA3BABE9-4CC4-49A5-8B02-AA9559D3D577}.SingleImage|Mixed Platforms.Build.0 = Debug|Any CPU
		{EA3BABE9-4CC4-49A5-8B02-AA9559D3D577}.SingleImage|Win32.ActiveCfg = Debug|Any CPU
		{EA3BABE9-4CC4-49A5-8B02-AA9559D3D577}.SingleImage|x64.ActiveCfg = Debug|Any CPU
		{EA3BABE9-4CC4-49A5-8B02-AA9559D3D577}.SingleImage|x86.ActiveCfg = Debug|Any CPU
		{AFD60FF2-6F0A-4CF6-B8A9-E9956197B099}.CD_ROM|Any CPU.ActiveCfg = Release|Any CPU
		{AFD60FF2-6F0A-4CF6-B8A9-E9956197B099}.CD_ROM|Any CPU.Build.0 = Release|Any CPU
		{AFD60FF2-6F0A-4CF6-B8A9-E9956197B099}.CD_ROM|Mixed Platforms.ActiveCfg = Debug|Any CPU
		{AFD60FF2-6F0A-4CF6-B8A9-E9956197B099}.CD_ROM|Mixed Platforms.Build.0 = Debug|Any CPU
		{AFD60FF2-6F0A-4CF6-B8A9-E9956197B099}.CD_ROM|Win32.ActiveCfg = Debug|Any CPU
		{AFD60FF2-6F0A-4CF6-B8A9-E9956197B099}.CD_ROM|x64.ActiveCfg = Debug|Any CPU
		{AFD60FF2-6F0A-4CF6-B8A9-E9956197B099}.CD_ROM|x86.ActiveCfg = Debug|Any CPU
		{AFD60FF2-6F0A-4CF6-B8A9-E9956197B099}.Debug|Any CPU.ActiveCfg = Debug|Any CPU
		{AFD60FF2-6F0A-4CF6-B8A9-E9956197B099}.Debug|Any CPU.Build.0 = Debug|Any CPU
		{AFD60FF2-6F0A-4CF6-B8A9-E9956197B099}.Debug|Mixed Platforms.ActiveCfg = Debug|Any CPU
		{AFD60FF2-6F0A-4CF6-B8A9-E9956197B099}.Debug|Mixed Platforms.Build.0 = Debug|Any CPU
		{AFD60FF2-6F0A-4CF6-B8A9-E9956197B099}.Debug|Win32.ActiveCfg = Debug|Any CPU
		{AFD60FF2-6F0A-4CF6-B8A9-E9956197B099}.Debug|x64.ActiveCfg = Debug|Any CPU
		{AFD60FF2-6F0A-4CF6-B8A9-E9956197B099}.Debug|x64.Build.0 = Debug|Any CPU
		{AFD60FF2-6F0A-4CF6-B8A9-E9956197B099}.Debug|x86.ActiveCfg = Debug|Any CPU
		{AFD60FF2-6F0A-4CF6-B8A9-E9956197B099}.Debug|x86.Build.0 = Debug|Any CPU
		{AFD60FF2-6F0A-4CF6-B8A9-E9956197B099}.DVD-5|Any CPU.ActiveCfg = Debug|Any CPU
		{AFD60FF2-6F0A-4CF6-B8A9-E9956197B099}.DVD-5|Any CPU.Build.0 = Debug|Any CPU
		{AFD60FF2-6F0A-4CF6-B8A9-E9956197B099}.DVD-5|Mixed Platforms.ActiveCfg = Debug|Any CPU
		{AFD60FF2-6F0A-4CF6-B8A9-E9956197B099}.DVD-5|Mixed Platforms.Build.0 = Debug|Any CPU
		{AFD60FF2-6F0A-4CF6-B8A9-E9956197B099}.DVD-5|Win32.ActiveCfg = Debug|Any CPU
		{AFD60FF2-6F0A-4CF6-B8A9-E9956197B099}.DVD-5|x64.ActiveCfg = Debug|Any CPU
		{AFD60FF2-6F0A-4CF6-B8A9-E9956197B099}.DVD-5|x86.ActiveCfg = Debug|Any CPU
		{AFD60FF2-6F0A-4CF6-B8A9-E9956197B099}.Release|Any CPU.ActiveCfg = Release|Any CPU
		{AFD60FF2-6F0A-4CF6-B8A9-E9956197B099}.Release|Any CPU.Build.0 = Release|Any CPU
		{AFD60FF2-6F0A-4CF6-B8A9-E9956197B099}.Release|Mixed Platforms.ActiveCfg = Release|Any CPU
		{AFD60FF2-6F0A-4CF6-B8A9-E9956197B099}.Release|Mixed Platforms.Build.0 = Release|Any CPU
		{AFD60FF2-6F0A-4CF6-B8A9-E9956197B099}.Release|Win32.ActiveCfg = Release|Any CPU
		{AFD60FF2-6F0A-4CF6-B8A9-E9956197B099}.Release|Win32.Build.0 = Release|Any CPU
		{AFD60FF2-6F0A-4CF6-B8A9-E9956197B099}.Release|x64.ActiveCfg = Release|Any CPU
		{AFD60FF2-6F0A-4CF6-B8A9-E9956197B099}.Release|x64.Build.0 = Release|Any CPU
		{AFD60FF2-6F0A-4CF6-B8A9-E9956197B099}.Release|x86.ActiveCfg = Release|Any CPU
		{AFD60FF2-6F0A-4CF6-B8A9-E9956197B099}.Release|x86.Build.0 = Release|Any CPU
		{AFD60FF2-6F0A-4CF6-B8A9-E9956197B099}.SingleImage|Any CPU.ActiveCfg = Release|Any CPU
		{AFD60FF2-6F0A-4CF6-B8A9-E9956197B099}.SingleImage|Any CPU.Build.0 = Release|Any CPU
		{AFD60FF2-6F0A-4CF6-B8A9-E9956197B099}.SingleImage|Mixed Platforms.ActiveCfg = Debug|Any CPU
		{AFD60FF2-6F0A-4CF6-B8A9-E9956197B099}.SingleImage|Mixed Platforms.Build.0 = Debug|Any CPU
		{AFD60FF2-6F0A-4CF6-B8A9-E9956197B099}.SingleImage|Win32.ActiveCfg = Debug|Any CPU
		{AFD60FF2-6F0A-4CF6-B8A9-E9956197B099}.SingleImage|x64.ActiveCfg = Debug|Any CPU
		{AFD60FF2-6F0A-4CF6-B8A9-E9956197B099}.SingleImage|x86.ActiveCfg = Debug|Any CPU
		{52FBB213-7407-4F6A-977D-2AA23A774618}.CD_ROM|Any CPU.ActiveCfg = Release|Any CPU
		{52FBB213-7407-4F6A-977D-2AA23A774618}.CD_ROM|Any CPU.Build.0 = Release|Any CPU
		{52FBB213-7407-4F6A-977D-2AA23A774618}.CD_ROM|Mixed Platforms.ActiveCfg = Release|Any CPU
		{52FBB213-7407-4F6A-977D-2AA23A774618}.CD_ROM|Mixed Platforms.Build.0 = Release|Any CPU
		{52FBB213-7407-4F6A-977D-2AA23A774618}.CD_ROM|Win32.ActiveCfg = Debug|Any CPU
		{52FBB213-7407-4F6A-977D-2AA23A774618}.CD_ROM|x64.ActiveCfg = Debug|Any CPU
		{52FBB213-7407-4F6A-977D-2AA23A774618}.CD_ROM|x86.ActiveCfg = Release|Any CPU
		{52FBB213-7407-4F6A-977D-2AA23A774618}.Debug|Any CPU.ActiveCfg = Debug|Any CPU
		{52FBB213-7407-4F6A-977D-2AA23A774618}.Debug|Any CPU.Build.0 = Debug|Any CPU
		{52FBB213-7407-4F6A-977D-2AA23A774618}.Debug|Mixed Platforms.ActiveCfg = Debug|Any CPU
		{52FBB213-7407-4F6A-977D-2AA23A774618}.Debug|Mixed Platforms.Build.0 = Debug|Any CPU
		{52FBB213-7407-4F6A-977D-2AA23A774618}.Debug|Win32.ActiveCfg = Debug|Any CPU
		{52FBB213-7407-4F6A-977D-2AA23A774618}.Debug|x64.ActiveCfg = Debug|Any CPU
		{52FBB213-7407-4F6A-977D-2AA23A774618}.Debug|x64.Build.0 = Debug|Any CPU
		{52FBB213-7407-4F6A-977D-2AA23A774618}.Debug|x86.ActiveCfg = Debug|Any CPU
		{52FBB213-7407-4F6A-977D-2AA23A774618}.Debug|x86.Build.0 = Debug|Any CPU
		{52FBB213-7407-4F6A-977D-2AA23A774618}.DVD-5|Any CPU.ActiveCfg = Debug|Any CPU
		{52FBB213-7407-4F6A-977D-2AA23A774618}.DVD-5|Any CPU.Build.0 = Debug|Any CPU
		{52FBB213-7407-4F6A-977D-2AA23A774618}.DVD-5|Mixed Platforms.ActiveCfg = Debug|Any CPU
		{52FBB213-7407-4F6A-977D-2AA23A774618}.DVD-5|Mixed Platforms.Build.0 = Debug|Any CPU
		{52FBB213-7407-4F6A-977D-2AA23A774618}.DVD-5|Win32.ActiveCfg = Debug|Any CPU
		{52FBB213-7407-4F6A-977D-2AA23A774618}.DVD-5|x64.ActiveCfg = Debug|Any CPU
		{52FBB213-7407-4F6A-977D-2AA23A774618}.DVD-5|x86.ActiveCfg = Debug|Any CPU
		{52FBB213-7407-4F6A-977D-2AA23A774618}.Release|Any CPU.ActiveCfg = Release|Any CPU
		{52FBB213-7407-4F6A-977D-2AA23A774618}.Release|Any CPU.Build.0 = Release|Any CPU
		{52FBB213-7407-4F6A-977D-2AA23A774618}.Release|Mixed Platforms.ActiveCfg = Release|Any CPU
		{52FBB213-7407-4F6A-977D-2AA23A774618}.Release|Mixed Platforms.Build.0 = Release|Any CPU
		{52FBB213-7407-4F6A-977D-2AA23A774618}.Release|Win32.ActiveCfg = Release|Any CPU
		{52FBB213-7407-4F6A-977D-2AA23A774618}.Release|Win32.Build.0 = Release|Any CPU
		{52FBB213-7407-4F6A-977D-2AA23A774618}.Release|x64.ActiveCfg = Release|Any CPU
		{52FBB213-7407-4F6A-977D-2AA23A774618}.Release|x64.Build.0 = Release|Any CPU
		{52FBB213-7407-4F6A-977D-2AA23A774618}.Release|x86.ActiveCfg = Release|Any CPU
		{52FBB213-7407-4F6A-977D-2AA23A774618}.Release|x86.Build.0 = Release|Any CPU
		{52FBB213-7407-4F6A-977D-2AA23A774618}.SingleImage|Any CPU.ActiveCfg = Release|Any CPU
		{52FBB213-7407-4F6A-977D-2AA23A774618}.SingleImage|Any CPU.Build.0 = Release|Any CPU
		{52FBB213-7407-4F6A-977D-2AA23A774618}.SingleImage|Mixed Platforms.ActiveCfg = Release|Any CPU
		{52FBB213-7407-4F6A-977D-2AA23A774618}.SingleImage|Mixed Platforms.Build.0 = Release|Any CPU
		{52FBB213-7407-4F6A-977D-2AA23A774618}.SingleImage|Win32.ActiveCfg = Debug|Any CPU
		{52FBB213-7407-4F6A-977D-2AA23A774618}.SingleImage|x64.ActiveCfg = Debug|Any CPU
		{52FBB213-7407-4F6A-977D-2AA23A774618}.SingleImage|x86.ActiveCfg = Release|Any CPU
		{F04AAFF5-642D-429D-9592-6EC42996FB5F}.CD_ROM|Any CPU.ActiveCfg = Release|Any CPU
		{F04AAFF5-642D-429D-9592-6EC42996FB5F}.CD_ROM|Any CPU.Build.0 = Release|Any CPU
		{F04AAFF5-642D-429D-9592-6EC42996FB5F}.CD_ROM|Mixed Platforms.ActiveCfg = Release|Any CPU
		{F04AAFF5-642D-429D-9592-6EC42996FB5F}.CD_ROM|Mixed Platforms.Build.0 = Release|Any CPU
		{F04AAFF5-642D-429D-9592-6EC42996FB5F}.CD_ROM|Win32.ActiveCfg = Debug|Any CPU
		{F04AAFF5-642D-429D-9592-6EC42996FB5F}.CD_ROM|x64.ActiveCfg = Debug|Any CPU
		{F04AAFF5-642D-429D-9592-6EC42996FB5F}.CD_ROM|x86.ActiveCfg = Release|Any CPU
		{F04AAFF5-642D-429D-9592-6EC42996FB5F}.Debug|Any CPU.ActiveCfg = Debug|Any CPU
		{F04AAFF5-642D-429D-9592-6EC42996FB5F}.Debug|Any CPU.Build.0 = Debug|Any CPU
		{F04AAFF5-642D-429D-9592-6EC42996FB5F}.Debug|Mixed Platforms.ActiveCfg = Debug|Any CPU
		{F04AAFF5-642D-429D-9592-6EC42996FB5F}.Debug|Mixed Platforms.Build.0 = Debug|Any CPU
		{F04AAFF5-642D-429D-9592-6EC42996FB5F}.Debug|Win32.ActiveCfg = Debug|Any CPU
		{F04AAFF5-642D-429D-9592-6EC42996FB5F}.Debug|x64.ActiveCfg = Debug|Any CPU
		{F04AAFF5-642D-429D-9592-6EC42996FB5F}.Debug|x64.Build.0 = Debug|Any CPU
		{F04AAFF5-642D-429D-9592-6EC42996FB5F}.Debug|x86.ActiveCfg = Debug|Any CPU
		{F04AAFF5-642D-429D-9592-6EC42996FB5F}.Debug|x86.Build.0 = Debug|Any CPU
		{F04AAFF5-642D-429D-9592-6EC42996FB5F}.DVD-5|Any CPU.ActiveCfg = Debug|Any CPU
		{F04AAFF5-642D-429D-9592-6EC42996FB5F}.DVD-5|Any CPU.Build.0 = Debug|Any CPU
		{F04AAFF5-642D-429D-9592-6EC42996FB5F}.DVD-5|Mixed Platforms.ActiveCfg = Debug|Any CPU
		{F04AAFF5-642D-429D-9592-6EC42996FB5F}.DVD-5|Mixed Platforms.Build.0 = Debug|Any CPU
		{F04AAFF5-642D-429D-9592-6EC42996FB5F}.DVD-5|Win32.ActiveCfg = Debug|Any CPU
		{F04AAFF5-642D-429D-9592-6EC42996FB5F}.DVD-5|x64.ActiveCfg = Debug|Any CPU
		{F04AAFF5-642D-429D-9592-6EC42996FB5F}.DVD-5|x86.ActiveCfg = Debug|Any CPU
		{F04AAFF5-642D-429D-9592-6EC42996FB5F}.Release|Any CPU.ActiveCfg = Release|Any CPU
		{F04AAFF5-642D-429D-9592-6EC42996FB5F}.Release|Any CPU.Build.0 = Release|Any CPU
		{F04AAFF5-642D-429D-9592-6EC42996FB5F}.Release|Mixed Platforms.ActiveCfg = Release|Any CPU
		{F04AAFF5-642D-429D-9592-6EC42996FB5F}.Release|Mixed Platforms.Build.0 = Release|Any CPU
		{F04AAFF5-642D-429D-9592-6EC42996FB5F}.Release|Win32.ActiveCfg = Release|Any CPU
		{F04AAFF5-642D-429D-9592-6EC42996FB5F}.Release|Win32.Build.0 = Release|Any CPU
		{F04AAFF5-642D-429D-9592-6EC42996FB5F}.Release|x64.ActiveCfg = Release|Any CPU
		{F04AAFF5-642D-429D-9592-6EC42996FB5F}.Release|x64.Build.0 = Release|Any CPU
		{F04AAFF5-642D-429D-9592-6EC42996FB5F}.Release|x86.ActiveCfg = Release|Any CPU
		{F04AAFF5-642D-429D-9592-6EC42996FB5F}.Release|x86.Build.0 = Release|Any CPU
		{F04AAFF5-642D-429D-9592-6EC42996FB5F}.SingleImage|Any CPU.ActiveCfg = Release|Any CPU
		{F04AAFF5-642D-429D-9592-6EC42996FB5F}.SingleImage|Any CPU.Build.0 = Release|Any CPU
		{F04AAFF5-642D-429D-9592-6EC42996FB5F}.SingleImage|Mixed Platforms.ActiveCfg = Release|Any CPU
		{F04AAFF5-642D-429D-9592-6EC42996FB5F}.SingleImage|Mixed Platforms.Build.0 = Release|Any CPU
		{F04AAFF5-642D-429D-9592-6EC42996FB5F}.SingleImage|Win32.ActiveCfg = Debug|Any CPU
		{F04AAFF5-642D-429D-9592-6EC42996FB5F}.SingleImage|x64.ActiveCfg = Debug|Any CPU
		{F04AAFF5-642D-429D-9592-6EC42996FB5F}.SingleImage|x86.ActiveCfg = Release|Any CPU
		{9367B43C-9A2A-4DFF-9B52-ACA559917810}.CD_ROM|Any CPU.ActiveCfg = Release|Win32
		{9367B43C-9A2A-4DFF-9B52-ACA559917810}.CD_ROM|Mixed Platforms.ActiveCfg = Release|Win32
		{9367B43C-9A2A-4DFF-9B52-ACA559917810}.CD_ROM|Mixed Platforms.Build.0 = Release|Win32
		{9367B43C-9A2A-4DFF-9B52-ACA559917810}.CD_ROM|Win32.ActiveCfg = Release|Win32
		{9367B43C-9A2A-4DFF-9B52-ACA559917810}.CD_ROM|Win32.Build.0 = Release|Win32
		{9367B43C-9A2A-4DFF-9B52-ACA559917810}.CD_ROM|x64.ActiveCfg = Release|x64
		{9367B43C-9A2A-4DFF-9B52-ACA559917810}.CD_ROM|x64.Build.0 = Release|x64
		{9367B43C-9A2A-4DFF-9B52-ACA559917810}.CD_ROM|x86.ActiveCfg = Release|Win32
		{9367B43C-9A2A-4DFF-9B52-ACA559917810}.CD_ROM|x86.Build.0 = Release|Win32
		{9367B43C-9A2A-4DFF-9B52-ACA559917810}.Debug|Any CPU.ActiveCfg = Debug|Win32
		{9367B43C-9A2A-4DFF-9B52-ACA559917810}.Debug|Mixed Platforms.ActiveCfg = Debug|x64
		{9367B43C-9A2A-4DFF-9B52-ACA559917810}.Debug|Mixed Platforms.Build.0 = Debug|x64
		{9367B43C-9A2A-4DFF-9B52-ACA559917810}.Debug|Win32.ActiveCfg = Debug|Win32
		{9367B43C-9A2A-4DFF-9B52-ACA559917810}.Debug|Win32.Build.0 = Debug|Win32
		{9367B43C-9A2A-4DFF-9B52-ACA559917810}.Debug|x64.ActiveCfg = Debug|x64
		{9367B43C-9A2A-4DFF-9B52-ACA559917810}.Debug|x64.Build.0 = Debug|x64
		{9367B43C-9A2A-4DFF-9B52-ACA559917810}.Debug|x86.ActiveCfg = Debug|Win32
		{9367B43C-9A2A-4DFF-9B52-ACA559917810}.Debug|x86.Build.0 = Debug|Win32
		{9367B43C-9A2A-4DFF-9B52-ACA559917810}.DVD-5|Any CPU.ActiveCfg = Debug|Win32
		{9367B43C-9A2A-4DFF-9B52-ACA559917810}.DVD-5|Mixed Platforms.ActiveCfg = Debug|Win32
		{9367B43C-9A2A-4DFF-9B52-ACA559917810}.DVD-5|Mixed Platforms.Build.0 = Debug|Win32
		{9367B43C-9A2A-4DFF-9B52-ACA559917810}.DVD-5|Win32.ActiveCfg = Debug|Win32
		{9367B43C-9A2A-4DFF-9B52-ACA559917810}.DVD-5|Win32.Build.0 = Debug|Win32
		{9367B43C-9A2A-4DFF-9B52-ACA559917810}.DVD-5|x64.ActiveCfg = Debug|x64
		{9367B43C-9A2A-4DFF-9B52-ACA559917810}.DVD-5|x64.Build.0 = Debug|x64
		{9367B43C-9A2A-4DFF-9B52-ACA559917810}.DVD-5|x86.ActiveCfg = Debug|Win32
		{9367B43C-9A2A-4DFF-9B52-ACA559917810}.DVD-5|x86.Build.0 = Debug|Win32
		{9367B43C-9A2A-4DFF-9B52-ACA559917810}.Release|Any CPU.ActiveCfg = Release|x64
		{9367B43C-9A2A-4DFF-9B52-ACA559917810}.Release|Mixed Platforms.ActiveCfg = Release|x64
		{9367B43C-9A2A-4DFF-9B52-ACA559917810}.Release|Mixed Platforms.Build.0 = Release|x64
		{9367B43C-9A2A-4DFF-9B52-ACA559917810}.Release|Win32.ActiveCfg = Release|Win32
		{9367B43C-9A2A-4DFF-9B52-ACA559917810}.Release|Win32.Build.0 = Release|Win32
		{9367B43C-9A2A-4DFF-9B52-ACA559917810}.Release|x64.ActiveCfg = Release|x64
		{9367B43C-9A2A-4DFF-9B52-ACA559917810}.Release|x64.Build.0 = Release|x64
		{9367B43C-9A2A-4DFF-9B52-ACA559917810}.Release|x86.ActiveCfg = Release|Win32
		{9367B43C-9A2A-4DFF-9B52-ACA559917810}.Release|x86.Build.0 = Release|Win32
		{9367B43C-9A2A-4DFF-9B52-ACA559917810}.SingleImage|Any CPU.ActiveCfg = Release|Win32
		{9367B43C-9A2A-4DFF-9B52-ACA559917810}.SingleImage|Mixed Platforms.ActiveCfg = Release|Win32
		{9367B43C-9A2A-4DFF-9B52-ACA559917810}.SingleImage|Mixed Platforms.Build.0 = Release|Win32
		{9367B43C-9A2A-4DFF-9B52-ACA559917810}.SingleImage|Win32.ActiveCfg = Release|Win32
		{9367B43C-9A2A-4DFF-9B52-ACA559917810}.SingleImage|Win32.Build.0 = Release|Win32
		{9367B43C-9A2A-4DFF-9B52-ACA559917810}.SingleImage|x64.ActiveCfg = Release|x64
		{9367B43C-9A2A-4DFF-9B52-ACA559917810}.SingleImage|x64.Build.0 = Release|x64
		{9367B43C-9A2A-4DFF-9B52-ACA559917810}.SingleImage|x86.ActiveCfg = Release|Win32
		{9367B43C-9A2A-4DFF-9B52-ACA559917810}.SingleImage|x86.Build.0 = Release|Win32
		{DA2D461D-5EBF-42E0-AAFB-F087C37DF46D}.CD_ROM|Any CPU.ActiveCfg = CD_ROM
		{DA2D461D-5EBF-42E0-AAFB-F087C37DF46D}.CD_ROM|Any CPU.Build.0 = CD_ROM
		{DA2D461D-5EBF-42E0-AAFB-F087C37DF46D}.CD_ROM|Mixed Platforms.ActiveCfg = CD_ROM
		{DA2D461D-5EBF-42E0-AAFB-F087C37DF46D}.CD_ROM|Mixed Platforms.Build.0 = CD_ROM
		{DA2D461D-5EBF-42E0-AAFB-F087C37DF46D}.CD_ROM|Win32.ActiveCfg = CD_ROM
		{DA2D461D-5EBF-42E0-AAFB-F087C37DF46D}.CD_ROM|Win32.Build.0 = CD_ROM
		{DA2D461D-5EBF-42E0-AAFB-F087C37DF46D}.CD_ROM|x64.ActiveCfg = CD_ROM
		{DA2D461D-5EBF-42E0-AAFB-F087C37DF46D}.CD_ROM|x64.Build.0 = CD_ROM
		{DA2D461D-5EBF-42E0-AAFB-F087C37DF46D}.CD_ROM|x86.ActiveCfg = CD_ROM
		{DA2D461D-5EBF-42E0-AAFB-F087C37DF46D}.CD_ROM|x86.Build.0 = CD_ROM
		{DA2D461D-5EBF-42E0-AAFB-F087C37DF46D}.Debug|Any CPU.ActiveCfg = DVD-5
		{DA2D461D-5EBF-42E0-AAFB-F087C37DF46D}.Debug|Any CPU.Build.0 = DVD-5
		{DA2D461D-5EBF-42E0-AAFB-F087C37DF46D}.Debug|Mixed Platforms.ActiveCfg = DVD-5
		{DA2D461D-5EBF-42E0-AAFB-F087C37DF46D}.Debug|Mixed Platforms.Build.0 = DVD-5
		{DA2D461D-5EBF-42E0-AAFB-F087C37DF46D}.Debug|Win32.ActiveCfg = DVD-5
		{DA2D461D-5EBF-42E0-AAFB-F087C37DF46D}.Debug|Win32.Build.0 = DVD-5
		{DA2D461D-5EBF-42E0-AAFB-F087C37DF46D}.Debug|x64.ActiveCfg = SingleImage
		{DA2D461D-5EBF-42E0-AAFB-F087C37DF46D}.Debug|x86.ActiveCfg = DVD-5
		{DA2D461D-5EBF-42E0-AAFB-F087C37DF46D}.DVD-5|Any CPU.ActiveCfg = DVD-5
		{DA2D461D-5EBF-42E0-AAFB-F087C37DF46D}.DVD-5|Any CPU.Build.0 = DVD-5
		{DA2D461D-5EBF-42E0-AAFB-F087C37DF46D}.DVD-5|Mixed Platforms.ActiveCfg = DVD-5
		{DA2D461D-5EBF-42E0-AAFB-F087C37DF46D}.DVD-5|Mixed Platforms.Build.0 = DVD-5
		{DA2D461D-5EBF-42E0-AAFB-F087C37DF46D}.DVD-5|Win32.ActiveCfg = DVD-5
		{DA2D461D-5EBF-42E0-AAFB-F087C37DF46D}.DVD-5|Win32.Build.0 = DVD-5
		{DA2D461D-5EBF-42E0-AAFB-F087C37DF46D}.DVD-5|x64.ActiveCfg = DVD-5
		{DA2D461D-5EBF-42E0-AAFB-F087C37DF46D}.DVD-5|x64.Build.0 = DVD-5
		{DA2D461D-5EBF-42E0-AAFB-F087C37DF46D}.DVD-5|x86.ActiveCfg = DVD-5
		{DA2D461D-5EBF-42E0-AAFB-F087C37DF46D}.DVD-5|x86.Build.0 = DVD-5
		{DA2D461D-5EBF-42E0-AAFB-F087C37DF46D}.Release|Any CPU.ActiveCfg = SingleImage
		{DA2D461D-5EBF-42E0-AAFB-F087C37DF46D}.Release|Any CPU.Build.0 = SingleImage
		{DA2D461D-5EBF-42E0-AAFB-F087C37DF46D}.Release|Mixed Platforms.ActiveCfg = SingleImage
		{DA2D461D-5EBF-42E0-AAFB-F087C37DF46D}.Release|Mixed Platforms.Build.0 = SingleImage
		{DA2D461D-5EBF-42E0-AAFB-F087C37DF46D}.Release|Win32.ActiveCfg = SingleImage
		{DA2D461D-5EBF-42E0-AAFB-F087C37DF46D}.Release|Win32.Build.0 = SingleImage
		{DA2D461D-5EBF-42E0-AAFB-F087C37DF46D}.Release|x64.ActiveCfg = SingleImage
		{DA2D461D-5EBF-42E0-AAFB-F087C37DF46D}.Release|x86.ActiveCfg = SingleImage
		{DA2D461D-5EBF-42E0-AAFB-F087C37DF46D}.SingleImage|Any CPU.ActiveCfg = SingleImage
		{DA2D461D-5EBF-42E0-AAFB-F087C37DF46D}.SingleImage|Any CPU.Build.0 = SingleImage
		{DA2D461D-5EBF-42E0-AAFB-F087C37DF46D}.SingleImage|Mixed Platforms.ActiveCfg = SingleImage
		{DA2D461D-5EBF-42E0-AAFB-F087C37DF46D}.SingleImage|Mixed Platforms.Build.0 = SingleImage
		{DA2D461D-5EBF-42E0-AAFB-F087C37DF46D}.SingleImage|Win32.ActiveCfg = SingleImage
		{DA2D461D-5EBF-42E0-AAFB-F087C37DF46D}.SingleImage|Win32.Build.0 = SingleImage
		{DA2D461D-5EBF-42E0-AAFB-F087C37DF46D}.SingleImage|x64.ActiveCfg = SingleImage
		{DA2D461D-5EBF-42E0-AAFB-F087C37DF46D}.SingleImage|x64.Build.0 = SingleImage
		{DA2D461D-5EBF-42E0-AAFB-F087C37DF46D}.SingleImage|x86.ActiveCfg = SingleImage
		{DA2D461D-5EBF-42E0-AAFB-F087C37DF46D}.SingleImage|x86.Build.0 = SingleImage
		{65877D79-7FEA-46E8-BBD8-899269502EB9}.CD_ROM|Any CPU.ActiveCfg = CD_ROM
		{65877D79-7FEA-46E8-BBD8-899269502EB9}.CD_ROM|Any CPU.Build.0 = CD_ROM
		{65877D79-7FEA-46E8-BBD8-899269502EB9}.CD_ROM|Mixed Platforms.ActiveCfg = CD_ROM
		{65877D79-7FEA-46E8-BBD8-899269502EB9}.CD_ROM|Mixed Platforms.Build.0 = CD_ROM
		{65877D79-7FEA-46E8-BBD8-899269502EB9}.CD_ROM|Win32.ActiveCfg = CD_ROM
		{65877D79-7FEA-46E8-BBD8-899269502EB9}.CD_ROM|Win32.Build.0 = CD_ROM
		{65877D79-7FEA-46E8-BBD8-899269502EB9}.CD_ROM|x64.ActiveCfg = CD_ROM
		{65877D79-7FEA-46E8-BBD8-899269502EB9}.CD_ROM|x64.Build.0 = CD_ROM
		{65877D79-7FEA-46E8-BBD8-899269502EB9}.CD_ROM|x86.ActiveCfg = CD_ROM
		{65877D79-7FEA-46E8-BBD8-899269502EB9}.CD_ROM|x86.Build.0 = CD_ROM
		{65877D79-7FEA-46E8-BBD8-899269502EB9}.Debug|Any CPU.ActiveCfg = DVD-5
		{65877D79-7FEA-46E8-BBD8-899269502EB9}.Debug|Any CPU.Build.0 = DVD-5
		{65877D79-7FEA-46E8-BBD8-899269502EB9}.Debug|Mixed Platforms.ActiveCfg = DVD-5
		{65877D79-7FEA-46E8-BBD8-899269502EB9}.Debug|Mixed Platforms.Build.0 = DVD-5
		{65877D79-7FEA-46E8-BBD8-899269502EB9}.Debug|Win32.ActiveCfg = DVD-5
		{65877D79-7FEA-46E8-BBD8-899269502EB9}.Debug|Win32.Build.0 = DVD-5
		{65877D79-7FEA-46E8-BBD8-899269502EB9}.Debug|x64.ActiveCfg = SingleImage
		{65877D79-7FEA-46E8-BBD8-899269502EB9}.Debug|x86.ActiveCfg = DVD-5
		{65877D79-7FEA-46E8-BBD8-899269502EB9}.Debug|x86.Build.0 = DVD-5
		{65877D79-7FEA-46E8-BBD8-899269502EB9}.DVD-5|Any CPU.ActiveCfg = DVD-5
		{65877D79-7FEA-46E8-BBD8-899269502EB9}.DVD-5|Any CPU.Build.0 = DVD-5
		{65877D79-7FEA-46E8-BBD8-899269502EB9}.DVD-5|Mixed Platforms.ActiveCfg = DVD-5
		{65877D79-7FEA-46E8-BBD8-899269502EB9}.DVD-5|Mixed Platforms.Build.0 = DVD-5
		{65877D79-7FEA-46E8-BBD8-899269502EB9}.DVD-5|Win32.ActiveCfg = DVD-5
		{65877D79-7FEA-46E8-BBD8-899269502EB9}.DVD-5|Win32.Build.0 = DVD-5
		{65877D79-7FEA-46E8-BBD8-899269502EB9}.DVD-5|x64.ActiveCfg = DVD-5
		{65877D79-7FEA-46E8-BBD8-899269502EB9}.DVD-5|x64.Build.0 = DVD-5
		{65877D79-7FEA-46E8-BBD8-899269502EB9}.DVD-5|x86.ActiveCfg = DVD-5
		{65877D79-7FEA-46E8-BBD8-899269502EB9}.DVD-5|x86.Build.0 = DVD-5
		{65877D79-7FEA-46E8-BBD8-899269502EB9}.Release|Any CPU.ActiveCfg = SingleImage
		{65877D79-7FEA-46E8-BBD8-899269502EB9}.Release|Any CPU.Build.0 = SingleImage
		{65877D79-7FEA-46E8-BBD8-899269502EB9}.Release|Mixed Platforms.ActiveCfg = SingleImage
		{65877D79-7FEA-46E8-BBD8-899269502EB9}.Release|Mixed Platforms.Build.0 = SingleImage
		{65877D79-7FEA-46E8-BBD8-899269502EB9}.Release|Win32.ActiveCfg = SingleImage
		{65877D79-7FEA-46E8-BBD8-899269502EB9}.Release|Win32.Build.0 = SingleImage
		{65877D79-7FEA-46E8-BBD8-899269502EB9}.Release|x64.ActiveCfg = SingleImage
		{65877D79-7FEA-46E8-BBD8-899269502EB9}.Release|x86.ActiveCfg = SingleImage
		{65877D79-7FEA-46E8-BBD8-899269502EB9}.Release|x86.Build.0 = SingleImage
		{65877D79-7FEA-46E8-BBD8-899269502EB9}.SingleImage|Any CPU.ActiveCfg = SingleImage
		{65877D79-7FEA-46E8-BBD8-899269502EB9}.SingleImage|Any CPU.Build.0 = SingleImage
		{65877D79-7FEA-46E8-BBD8-899269502EB9}.SingleImage|Mixed Platforms.ActiveCfg = SingleImage
		{65877D79-7FEA-46E8-BBD8-899269502EB9}.SingleImage|Mixed Platforms.Build.0 = SingleImage
		{65877D79-7FEA-46E8-BBD8-899269502EB9}.SingleImage|Win32.ActiveCfg = SingleImage
		{65877D79-7FEA-46E8-BBD8-899269502EB9}.SingleImage|Win32.Build.0 = SingleImage
		{65877D79-7FEA-46E8-BBD8-899269502EB9}.SingleImage|x64.ActiveCfg = SingleImage
		{65877D79-7FEA-46E8-BBD8-899269502EB9}.SingleImage|x64.Build.0 = SingleImage
		{65877D79-7FEA-46E8-BBD8-899269502EB9}.SingleImage|x86.ActiveCfg = SingleImage
		{65877D79-7FEA-46E8-BBD8-899269502EB9}.SingleImage|x86.Build.0 = SingleImage
		{56BB9BCA-CE3F-485D-BF6B-259355DC404C}.CD_ROM|Any CPU.ActiveCfg = CD_ROM
		{56BB9BCA-CE3F-485D-BF6B-259355DC404C}.CD_ROM|Any CPU.Build.0 = CD_ROM
		{56BB9BCA-CE3F-485D-BF6B-259355DC404C}.CD_ROM|Mixed Platforms.ActiveCfg = CD_ROM
		{56BB9BCA-CE3F-485D-BF6B-259355DC404C}.CD_ROM|Mixed Platforms.Build.0 = CD_ROM
		{56BB9BCA-CE3F-485D-BF6B-259355DC404C}.CD_ROM|Win32.ActiveCfg = CD_ROM
		{56BB9BCA-CE3F-485D-BF6B-259355DC404C}.CD_ROM|Win32.Build.0 = CD_ROM
		{56BB9BCA-CE3F-485D-BF6B-259355DC404C}.CD_ROM|x64.ActiveCfg = CD_ROM
		{56BB9BCA-CE3F-485D-BF6B-259355DC404C}.CD_ROM|x64.Build.0 = CD_ROM
		{56BB9BCA-CE3F-485D-BF6B-259355DC404C}.CD_ROM|x86.ActiveCfg = CD_ROM
		{56BB9BCA-CE3F-485D-BF6B-259355DC404C}.CD_ROM|x86.Build.0 = CD_ROM
		{56BB9BCA-CE3F-485D-BF6B-259355DC404C}.Debug|Any CPU.ActiveCfg = DVD-5
		{56BB9BCA-CE3F-485D-BF6B-259355DC404C}.Debug|Any CPU.Build.0 = DVD-5
		{56BB9BCA-CE3F-485D-BF6B-259355DC404C}.Debug|Mixed Platforms.ActiveCfg = DVD-5
		{56BB9BCA-CE3F-485D-BF6B-259355DC404C}.Debug|Mixed Platforms.Build.0 = DVD-5
		{56BB9BCA-CE3F-485D-BF6B-259355DC404C}.Debug|Win32.ActiveCfg = DVD-5
		{56BB9BCA-CE3F-485D-BF6B-259355DC404C}.Debug|Win32.Build.0 = DVD-5
		{56BB9BCA-CE3F-485D-BF6B-259355DC404C}.Debug|x64.ActiveCfg = SingleImage
		{56BB9BCA-CE3F-485D-BF6B-259355DC404C}.Debug|x86.ActiveCfg = DVD-5
		{56BB9BCA-CE3F-485D-BF6B-259355DC404C}.Debug|x86.Build.0 = DVD-5
		{56BB9BCA-CE3F-485D-BF6B-259355DC404C}.DVD-5|Any CPU.ActiveCfg = DVD-5
		{56BB9BCA-CE3F-485D-BF6B-259355DC404C}.DVD-5|Any CPU.Build.0 = DVD-5
		{56BB9BCA-CE3F-485D-BF6B-259355DC404C}.DVD-5|Mixed Platforms.ActiveCfg = DVD-5
		{56BB9BCA-CE3F-485D-BF6B-259355DC404C}.DVD-5|Mixed Platforms.Build.0 = DVD-5
		{56BB9BCA-CE3F-485D-BF6B-259355DC404C}.DVD-5|Win32.ActiveCfg = DVD-5
		{56BB9BCA-CE3F-485D-BF6B-259355DC404C}.DVD-5|Win32.Build.0 = DVD-5
		{56BB9BCA-CE3F-485D-BF6B-259355DC404C}.DVD-5|x64.ActiveCfg = DVD-5
		{56BB9BCA-CE3F-485D-BF6B-259355DC404C}.DVD-5|x64.Build.0 = DVD-5
		{56BB9BCA-CE3F-485D-BF6B-259355DC404C}.DVD-5|x86.ActiveCfg = DVD-5
		{56BB9BCA-CE3F-485D-BF6B-259355DC404C}.DVD-5|x86.Build.0 = DVD-5
		{56BB9BCA-CE3F-485D-BF6B-259355DC404C}.Release|Any CPU.ActiveCfg = SingleImage
		{56BB9BCA-CE3F-485D-BF6B-259355DC404C}.Release|Any CPU.Build.0 = SingleImage
		{56BB9BCA-CE3F-485D-BF6B-259355DC404C}.Release|Mixed Platforms.ActiveCfg = SingleImage
		{56BB9BCA-CE3F-485D-BF6B-259355DC404C}.Release|Mixed Platforms.Build.0 = SingleImage
		{56BB9BCA-CE3F-485D-BF6B-259355DC404C}.Release|Win32.ActiveCfg = SingleImage
		{56BB9BCA-CE3F-485D-BF6B-259355DC404C}.Release|Win32.Build.0 = SingleImage
		{56BB9BCA-CE3F-485D-BF6B-259355DC404C}.Release|x64.ActiveCfg = SingleImage
		{56BB9BCA-CE3F-485D-BF6B-259355DC404C}.Release|x86.ActiveCfg = SingleImage
		{56BB9BCA-CE3F-485D-BF6B-259355DC404C}.Release|x86.Build.0 = SingleImage
		{56BB9BCA-CE3F-485D-BF6B-259355DC404C}.SingleImage|Any CPU.ActiveCfg = SingleImage
		{56BB9BCA-CE3F-485D-BF6B-259355DC404C}.SingleImage|Any CPU.Build.0 = SingleImage
		{56BB9BCA-CE3F-485D-BF6B-259355DC404C}.SingleImage|Mixed Platforms.ActiveCfg = SingleImage
		{56BB9BCA-CE3F-485D-BF6B-259355DC404C}.SingleImage|Mixed Platforms.Build.0 = SingleImage
		{56BB9BCA-CE3F-485D-BF6B-259355DC404C}.SingleImage|Win32.ActiveCfg = SingleImage
		{56BB9BCA-CE3F-485D-BF6B-259355DC404C}.SingleImage|Win32.Build.0 = SingleImage
		{56BB9BCA-CE3F-485D-BF6B-259355DC404C}.SingleImage|x64.ActiveCfg = SingleImage
		{56BB9BCA-CE3F-485D-BF6B-259355DC404C}.SingleImage|x64.Build.0 = SingleImage
		{56BB9BCA-CE3F-485D-BF6B-259355DC404C}.SingleImage|x86.ActiveCfg = SingleImage
		{56BB9BCA-CE3F-485D-BF6B-259355DC404C}.SingleImage|x86.Build.0 = SingleImage
		{D58459A7-E1C8-4499-98A8-8DD4F570FF17}.CD_ROM|Any CPU.ActiveCfg = CD_ROM
		{D58459A7-E1C8-4499-98A8-8DD4F570FF17}.CD_ROM|Any CPU.Build.0 = CD_ROM
		{D58459A7-E1C8-4499-98A8-8DD4F570FF17}.CD_ROM|Mixed Platforms.ActiveCfg = CD_ROM
		{D58459A7-E1C8-4499-98A8-8DD4F570FF17}.CD_ROM|Mixed Platforms.Build.0 = CD_ROM
		{D58459A7-E1C8-4499-98A8-8DD4F570FF17}.CD_ROM|Win32.ActiveCfg = CD_ROM
		{D58459A7-E1C8-4499-98A8-8DD4F570FF17}.CD_ROM|Win32.Build.0 = CD_ROM
		{D58459A7-E1C8-4499-98A8-8DD4F570FF17}.CD_ROM|x64.ActiveCfg = CD_ROM
		{D58459A7-E1C8-4499-98A8-8DD4F570FF17}.CD_ROM|x64.Build.0 = CD_ROM
		{D58459A7-E1C8-4499-98A8-8DD4F570FF17}.CD_ROM|x86.ActiveCfg = CD_ROM
		{D58459A7-E1C8-4499-98A8-8DD4F570FF17}.CD_ROM|x86.Build.0 = CD_ROM
		{D58459A7-E1C8-4499-98A8-8DD4F570FF17}.Debug|Any CPU.ActiveCfg = DVD-5
		{D58459A7-E1C8-4499-98A8-8DD4F570FF17}.Debug|Any CPU.Build.0 = DVD-5
		{D58459A7-E1C8-4499-98A8-8DD4F570FF17}.Debug|Mixed Platforms.ActiveCfg = DVD-5
		{D58459A7-E1C8-4499-98A8-8DD4F570FF17}.Debug|Mixed Platforms.Build.0 = DVD-5
		{D58459A7-E1C8-4499-98A8-8DD4F570FF17}.Debug|Win32.ActiveCfg = DVD-5
		{D58459A7-E1C8-4499-98A8-8DD4F570FF17}.Debug|Win32.Build.0 = DVD-5
		{D58459A7-E1C8-4499-98A8-8DD4F570FF17}.Debug|x64.ActiveCfg = SingleImage
		{D58459A7-E1C8-4499-98A8-8DD4F570FF17}.Debug|x86.ActiveCfg = DVD-5
		{D58459A7-E1C8-4499-98A8-8DD4F570FF17}.DVD-5|Any CPU.ActiveCfg = DVD-5
		{D58459A7-E1C8-4499-98A8-8DD4F570FF17}.DVD-5|Any CPU.Build.0 = DVD-5
		{D58459A7-E1C8-4499-98A8-8DD4F570FF17}.DVD-5|Mixed Platforms.ActiveCfg = DVD-5
		{D58459A7-E1C8-4499-98A8-8DD4F570FF17}.DVD-5|Mixed Platforms.Build.0 = DVD-5
		{D58459A7-E1C8-4499-98A8-8DD4F570FF17}.DVD-5|Win32.ActiveCfg = DVD-5
		{D58459A7-E1C8-4499-98A8-8DD4F570FF17}.DVD-5|Win32.Build.0 = DVD-5
		{D58459A7-E1C8-4499-98A8-8DD4F570FF17}.DVD-5|x64.ActiveCfg = DVD-5
		{D58459A7-E1C8-4499-98A8-8DD4F570FF17}.DVD-5|x64.Build.0 = DVD-5
		{D58459A7-E1C8-4499-98A8-8DD4F570FF17}.DVD-5|x86.ActiveCfg = DVD-5
		{D58459A7-E1C8-4499-98A8-8DD4F570FF17}.DVD-5|x86.Build.0 = DVD-5
		{D58459A7-E1C8-4499-98A8-8DD4F570FF17}.Release|Any CPU.ActiveCfg = SingleImage
		{D58459A7-E1C8-4499-98A8-8DD4F570FF17}.Release|Any CPU.Build.0 = SingleImage
		{D58459A7-E1C8-4499-98A8-8DD4F570FF17}.Release|Mixed Platforms.ActiveCfg = SingleImage
		{D58459A7-E1C8-4499-98A8-8DD4F570FF17}.Release|Mixed Platforms.Build.0 = SingleImage
		{D58459A7-E1C8-4499-98A8-8DD4F570FF17}.Release|Win32.ActiveCfg = SingleImage
		{D58459A7-E1C8-4499-98A8-8DD4F570FF17}.Release|Win32.Build.0 = SingleImage
		{D58459A7-E1C8-4499-98A8-8DD4F570FF17}.Release|x64.ActiveCfg = SingleImage
		{D58459A7-E1C8-4499-98A8-8DD4F570FF17}.Release|x64.Build.0 = SingleImage
		{D58459A7-E1C8-4499-98A8-8DD4F570FF17}.Release|x86.ActiveCfg = SingleImage
		{D58459A7-E1C8-4499-98A8-8DD4F570FF17}.SingleImage|Any CPU.ActiveCfg = SingleImage
		{D58459A7-E1C8-4499-98A8-8DD4F570FF17}.SingleImage|Any CPU.Build.0 = SingleImage
		{D58459A7-E1C8-4499-98A8-8DD4F570FF17}.SingleImage|Mixed Platforms.ActiveCfg = SingleImage
		{D58459A7-E1C8-4499-98A8-8DD4F570FF17}.SingleImage|Mixed Platforms.Build.0 = SingleImage
		{D58459A7-E1C8-4499-98A8-8DD4F570FF17}.SingleImage|Win32.ActiveCfg = SingleImage
		{D58459A7-E1C8-4499-98A8-8DD4F570FF17}.SingleImage|Win32.Build.0 = SingleImage
		{D58459A7-E1C8-4499-98A8-8DD4F570FF17}.SingleImage|x64.ActiveCfg = SingleImage
		{D58459A7-E1C8-4499-98A8-8DD4F570FF17}.SingleImage|x64.Build.0 = SingleImage
		{D58459A7-E1C8-4499-98A8-8DD4F570FF17}.SingleImage|x86.ActiveCfg = SingleImage
		{D58459A7-E1C8-4499-98A8-8DD4F570FF17}.SingleImage|x86.Build.0 = SingleImage
		{7DDE3E31-28CD-4D45-942B-5B6A5F1C21FD}.CD_ROM|Any CPU.ActiveCfg = CD_ROM
		{7DDE3E31-28CD-4D45-942B-5B6A5F1C21FD}.CD_ROM|Any CPU.Build.0 = CD_ROM
		{7DDE3E31-28CD-4D45-942B-5B6A5F1C21FD}.CD_ROM|Mixed Platforms.ActiveCfg = CD_ROM
		{7DDE3E31-28CD-4D45-942B-5B6A5F1C21FD}.CD_ROM|Mixed Platforms.Build.0 = CD_ROM
		{7DDE3E31-28CD-4D45-942B-5B6A5F1C21FD}.CD_ROM|Win32.ActiveCfg = CD_ROM
		{7DDE3E31-28CD-4D45-942B-5B6A5F1C21FD}.CD_ROM|Win32.Build.0 = CD_ROM
		{7DDE3E31-28CD-4D45-942B-5B6A5F1C21FD}.CD_ROM|x64.ActiveCfg = CD_ROM
		{7DDE3E31-28CD-4D45-942B-5B6A5F1C21FD}.CD_ROM|x64.Build.0 = CD_ROM
		{7DDE3E31-28CD-4D45-942B-5B6A5F1C21FD}.CD_ROM|x86.ActiveCfg = CD_ROM
		{7DDE3E31-28CD-4D45-942B-5B6A5F1C21FD}.CD_ROM|x86.Build.0 = CD_ROM
		{7DDE3E31-28CD-4D45-942B-5B6A5F1C21FD}.Debug|Any CPU.ActiveCfg = DVD-5
		{7DDE3E31-28CD-4D45-942B-5B6A5F1C21FD}.Debug|Any CPU.Build.0 = DVD-5
		{7DDE3E31-28CD-4D45-942B-5B6A5F1C21FD}.Debug|Mixed Platforms.ActiveCfg = DVD-5
		{7DDE3E31-28CD-4D45-942B-5B6A5F1C21FD}.Debug|Mixed Platforms.Build.0 = DVD-5
		{7DDE3E31-28CD-4D45-942B-5B6A5F1C21FD}.Debug|Win32.ActiveCfg = DVD-5
		{7DDE3E31-28CD-4D45-942B-5B6A5F1C21FD}.Debug|Win32.Build.0 = DVD-5
		{7DDE3E31-28CD-4D45-942B-5B6A5F1C21FD}.Debug|x64.ActiveCfg = SingleImage
		{7DDE3E31-28CD-4D45-942B-5B6A5F1C21FD}.Debug|x86.ActiveCfg = DVD-5
		{7DDE3E31-28CD-4D45-942B-5B6A5F1C21FD}.Debug|x86.Build.0 = DVD-5
		{7DDE3E31-28CD-4D45-942B-5B6A5F1C21FD}.DVD-5|Any CPU.ActiveCfg = DVD-5
		{7DDE3E31-28CD-4D45-942B-5B6A5F1C21FD}.DVD-5|Any CPU.Build.0 = DVD-5
		{7DDE3E31-28CD-4D45-942B-5B6A5F1C21FD}.DVD-5|Mixed Platforms.ActiveCfg = DVD-5
		{7DDE3E31-28CD-4D45-942B-5B6A5F1C21FD}.DVD-5|Mixed Platforms.Build.0 = DVD-5
		{7DDE3E31-28CD-4D45-942B-5B6A5F1C21FD}.DVD-5|Win32.ActiveCfg = DVD-5
		{7DDE3E31-28CD-4D45-942B-5B6A5F1C21FD}.DVD-5|Win32.Build.0 = DVD-5
		{7DDE3E31-28CD-4D45-942B-5B6A5F1C21FD}.DVD-5|x64.ActiveCfg = DVD-5
		{7DDE3E31-28CD-4D45-942B-5B6A5F1C21FD}.DVD-5|x64.Build.0 = DVD-5
		{7DDE3E31-28CD-4D45-942B-5B6A5F1C21FD}.DVD-5|x86.ActiveCfg = DVD-5
		{7DDE3E31-28CD-4D45-942B-5B6A5F1C21FD}.DVD-5|x86.Build.0 = DVD-5
		{7DDE3E31-28CD-4D45-942B-5B6A5F1C21FD}.Release|Any CPU.ActiveCfg = SingleImage
		{7DDE3E31-28CD-4D45-942B-5B6A5F1C21FD}.Release|Any CPU.Build.0 = SingleImage
		{7DDE3E31-28CD-4D45-942B-5B6A5F1C21FD}.Release|Mixed Platforms.ActiveCfg = SingleImage
		{7DDE3E31-28CD-4D45-942B-5B6A5F1C21FD}.Release|Mixed Platforms.Build.0 = SingleImage
		{7DDE3E31-28CD-4D45-942B-5B6A5F1C21FD}.Release|Win32.ActiveCfg = SingleImage
		{7DDE3E31-28CD-4D45-942B-5B6A5F1C21FD}.Release|Win32.Build.0 = SingleImage
		{7DDE3E31-28CD-4D45-942B-5B6A5F1C21FD}.Release|x64.ActiveCfg = SingleImage
		{7DDE3E31-28CD-4D45-942B-5B6A5F1C21FD}.Release|x86.ActiveCfg = SingleImage
		{7DDE3E31-28CD-4D45-942B-5B6A5F1C21FD}.Release|x86.Build.0 = SingleImage
		{7DDE3E31-28CD-4D45-942B-5B6A5F1C21FD}.SingleImage|Any CPU.ActiveCfg = SingleImage
		{7DDE3E31-28CD-4D45-942B-5B6A5F1C21FD}.SingleImage|Any CPU.Build.0 = SingleImage
		{7DDE3E31-28CD-4D45-942B-5B6A5F1C21FD}.SingleImage|Mixed Platforms.ActiveCfg = SingleImage
		{7DDE3E31-28CD-4D45-942B-5B6A5F1C21FD}.SingleImage|Mixed Platforms.Build.0 = SingleImage
		{7DDE3E31-28CD-4D45-942B-5B6A5F1C21FD}.SingleImage|Win32.ActiveCfg = SingleImage
		{7DDE3E31-28CD-4D45-942B-5B6A5F1C21FD}.SingleImage|Win32.Build.0 = SingleImage
		{7DDE3E31-28CD-4D45-942B-5B6A5F1C21FD}.SingleImage|x64.ActiveCfg = SingleImage
		{7DDE3E31-28CD-4D45-942B-5B6A5F1C21FD}.SingleImage|x64.Build.0 = SingleImage
		{7DDE3E31-28CD-4D45-942B-5B6A5F1C21FD}.SingleImage|x86.ActiveCfg = SingleImage
		{7DDE3E31-28CD-4D45-942B-5B6A5F1C21FD}.SingleImage|x86.Build.0 = SingleImage
		{2DDE7289-4547-41BE-B0D8-92ABD9252D7D}.CD_ROM|Any CPU.ActiveCfg = CD_ROM
		{2DDE7289-4547-41BE-B0D8-92ABD9252D7D}.CD_ROM|Any CPU.Build.0 = CD_ROM
		{2DDE7289-4547-41BE-B0D8-92ABD9252D7D}.CD_ROM|Mixed Platforms.ActiveCfg = CD_ROM
		{2DDE7289-4547-41BE-B0D8-92ABD9252D7D}.CD_ROM|Mixed Platforms.Build.0 = CD_ROM
		{2DDE7289-4547-41BE-B0D8-92ABD9252D7D}.CD_ROM|Win32.ActiveCfg = CD_ROM
		{2DDE7289-4547-41BE-B0D8-92ABD9252D7D}.CD_ROM|Win32.Build.0 = CD_ROM
		{2DDE7289-4547-41BE-B0D8-92ABD9252D7D}.CD_ROM|x64.ActiveCfg = CD_ROM
		{2DDE7289-4547-41BE-B0D8-92ABD9252D7D}.CD_ROM|x64.Build.0 = CD_ROM
		{2DDE7289-4547-41BE-B0D8-92ABD9252D7D}.CD_ROM|x86.ActiveCfg = CD_ROM
		{2DDE7289-4547-41BE-B0D8-92ABD9252D7D}.CD_ROM|x86.Build.0 = CD_ROM
		{2DDE7289-4547-41BE-B0D8-92ABD9252D7D}.Debug|Any CPU.ActiveCfg = DVD-5
		{2DDE7289-4547-41BE-B0D8-92ABD9252D7D}.Debug|Any CPU.Build.0 = DVD-5
		{2DDE7289-4547-41BE-B0D8-92ABD9252D7D}.Debug|Mixed Platforms.ActiveCfg = DVD-5
		{2DDE7289-4547-41BE-B0D8-92ABD9252D7D}.Debug|Mixed Platforms.Build.0 = DVD-5
		{2DDE7289-4547-41BE-B0D8-92ABD9252D7D}.Debug|Win32.ActiveCfg = DVD-5
		{2DDE7289-4547-41BE-B0D8-92ABD9252D7D}.Debug|Win32.Build.0 = DVD-5
		{2DDE7289-4547-41BE-B0D8-92ABD9252D7D}.Debug|x64.ActiveCfg = SingleImage
		{2DDE7289-4547-41BE-B0D8-92ABD9252D7D}.Debug|x86.ActiveCfg = DVD-5
		{2DDE7289-4547-41BE-B0D8-92ABD9252D7D}.DVD-5|Any CPU.ActiveCfg = DVD-5
		{2DDE7289-4547-41BE-B0D8-92ABD9252D7D}.DVD-5|Any CPU.Build.0 = DVD-5
		{2DDE7289-4547-41BE-B0D8-92ABD9252D7D}.DVD-5|Mixed Platforms.ActiveCfg = DVD-5
		{2DDE7289-4547-41BE-B0D8-92ABD9252D7D}.DVD-5|Mixed Platforms.Build.0 = DVD-5
		{2DDE7289-4547-41BE-B0D8-92ABD9252D7D}.DVD-5|Win32.ActiveCfg = DVD-5
		{2DDE7289-4547-41BE-B0D8-92ABD9252D7D}.DVD-5|Win32.Build.0 = DVD-5
		{2DDE7289-4547-41BE-B0D8-92ABD9252D7D}.DVD-5|x64.ActiveCfg = DVD-5
		{2DDE7289-4547-41BE-B0D8-92ABD9252D7D}.DVD-5|x64.Build.0 = DVD-5
		{2DDE7289-4547-41BE-B0D8-92ABD9252D7D}.DVD-5|x86.ActiveCfg = DVD-5
		{2DDE7289-4547-41BE-B0D8-92ABD9252D7D}.DVD-5|x86.Build.0 = DVD-5
		{2DDE7289-4547-41BE-B0D8-92ABD9252D7D}.Release|Any CPU.ActiveCfg = SingleImage
		{2DDE7289-4547-41BE-B0D8-92ABD9252D7D}.Release|Any CPU.Build.0 = SingleImage
		{2DDE7289-4547-41BE-B0D8-92ABD9252D7D}.Release|Mixed Platforms.ActiveCfg = SingleImage
		{2DDE7289-4547-41BE-B0D8-92ABD9252D7D}.Release|Mixed Platforms.Build.0 = SingleImage
		{2DDE7289-4547-41BE-B0D8-92ABD9252D7D}.Release|Win32.ActiveCfg = SingleImage
		{2DDE7289-4547-41BE-B0D8-92ABD9252D7D}.Release|Win32.Build.0 = SingleImage
		{2DDE7289-4547-41BE-B0D8-92ABD9252D7D}.Release|x64.ActiveCfg = SingleImage
		{2DDE7289-4547-41BE-B0D8-92ABD9252D7D}.Release|x64.Build.0 = SingleImage
		{2DDE7289-4547-41BE-B0D8-92ABD9252D7D}.Release|x86.ActiveCfg = SingleImage
		{2DDE7289-4547-41BE-B0D8-92ABD9252D7D}.SingleImage|Any CPU.ActiveCfg = SingleImage
		{2DDE7289-4547-41BE-B0D8-92ABD9252D7D}.SingleImage|Any CPU.Build.0 = SingleImage
		{2DDE7289-4547-41BE-B0D8-92ABD9252D7D}.SingleImage|Mixed Platforms.ActiveCfg = SingleImage
		{2DDE7289-4547-41BE-B0D8-92ABD9252D7D}.SingleImage|Mixed Platforms.Build.0 = SingleImage
		{2DDE7289-4547-41BE-B0D8-92ABD9252D7D}.SingleImage|Win32.ActiveCfg = SingleImage
		{2DDE7289-4547-41BE-B0D8-92ABD9252D7D}.SingleImage|Win32.Build.0 = SingleImage
		{2DDE7289-4547-41BE-B0D8-92ABD9252D7D}.SingleImage|x64.ActiveCfg = SingleImage
		{2DDE7289-4547-41BE-B0D8-92ABD9252D7D}.SingleImage|x64.Build.0 = SingleImage
		{2DDE7289-4547-41BE-B0D8-92ABD9252D7D}.SingleImage|x86.ActiveCfg = SingleImage
		{2DDE7289-4547-41BE-B0D8-92ABD9252D7D}.SingleImage|x86.Build.0 = SingleImage
		{0DC6D1B6-0A61-47F3-BEEE-C5A141987986}.CD_ROM|Any CPU.ActiveCfg = Release|Any CPU
		{0DC6D1B6-0A61-47F3-BEEE-C5A141987986}.CD_ROM|Any CPU.Build.0 = Release|Any CPU
		{0DC6D1B6-0A61-47F3-BEEE-C5A141987986}.CD_ROM|Mixed Platforms.ActiveCfg = Release|Any CPU
		{0DC6D1B6-0A61-47F3-BEEE-C5A141987986}.CD_ROM|Mixed Platforms.Build.0 = Release|Any CPU
		{0DC6D1B6-0A61-47F3-BEEE-C5A141987986}.CD_ROM|Win32.ActiveCfg = Release|Any CPU
		{0DC6D1B6-0A61-47F3-BEEE-C5A141987986}.CD_ROM|x64.ActiveCfg = Release|x64
		{0DC6D1B6-0A61-47F3-BEEE-C5A141987986}.CD_ROM|x64.Build.0 = Release|x64
		{0DC6D1B6-0A61-47F3-BEEE-C5A141987986}.CD_ROM|x86.ActiveCfg = Release|Any CPU
		{0DC6D1B6-0A61-47F3-BEEE-C5A141987986}.Debug|Any CPU.ActiveCfg = Debug|Any CPU
		{0DC6D1B6-0A61-47F3-BEEE-C5A141987986}.Debug|Any CPU.Build.0 = Debug|Any CPU
		{0DC6D1B6-0A61-47F3-BEEE-C5A141987986}.Debug|Mixed Platforms.ActiveCfg = Debug|Any CPU
		{0DC6D1B6-0A61-47F3-BEEE-C5A141987986}.Debug|Mixed Platforms.Build.0 = Debug|Any CPU
		{0DC6D1B6-0A61-47F3-BEEE-C5A141987986}.Debug|Win32.ActiveCfg = Debug|Any CPU
		{0DC6D1B6-0A61-47F3-BEEE-C5A141987986}.Debug|x64.ActiveCfg = Debug|x64
		{0DC6D1B6-0A61-47F3-BEEE-C5A141987986}.Debug|x64.Build.0 = Debug|x64
		{0DC6D1B6-0A61-47F3-BEEE-C5A141987986}.Debug|x86.ActiveCfg = Debug|Any CPU
		{0DC6D1B6-0A61-47F3-BEEE-C5A141987986}.DVD-5|Any CPU.ActiveCfg = Debug|Any CPU
		{0DC6D1B6-0A61-47F3-BEEE-C5A141987986}.DVD-5|Any CPU.Build.0 = Debug|Any CPU
		{0DC6D1B6-0A61-47F3-BEEE-C5A141987986}.DVD-5|Mixed Platforms.ActiveCfg = Debug|Any CPU
		{0DC6D1B6-0A61-47F3-BEEE-C5A141987986}.DVD-5|Mixed Platforms.Build.0 = Debug|Any CPU
		{0DC6D1B6-0A61-47F3-BEEE-C5A141987986}.DVD-5|Win32.ActiveCfg = Debug|Any CPU
		{0DC6D1B6-0A61-47F3-BEEE-C5A141987986}.DVD-5|x64.ActiveCfg = Debug|x64
		{0DC6D1B6-0A61-47F3-BEEE-C5A141987986}.DVD-5|x64.Build.0 = Debug|x64
		{0DC6D1B6-0A61-47F3-BEEE-C5A141987986}.DVD-5|x86.ActiveCfg = Debug|Any CPU
		{0DC6D1B6-0A61-47F3-BEEE-C5A141987986}.Release|Any CPU.ActiveCfg = Release|Any CPU
		{0DC6D1B6-0A61-47F3-BEEE-C5A141987986}.Release|Any CPU.Build.0 = Release|Any CPU
		{0DC6D1B6-0A61-47F3-BEEE-C5A141987986}.Release|Mixed Platforms.ActiveCfg = Release|Any CPU
		{0DC6D1B6-0A61-47F3-BEEE-C5A141987986}.Release|Mixed Platforms.Build.0 = Release|Any CPU
		{0DC6D1B6-0A61-47F3-BEEE-C5A141987986}.Release|Win32.ActiveCfg = Release|Any CPU
		{0DC6D1B6-0A61-47F3-BEEE-C5A141987986}.Release|x64.ActiveCfg = Release|x64
		{0DC6D1B6-0A61-47F3-BEEE-C5A141987986}.Release|x64.Build.0 = Release|x64
		{0DC6D1B6-0A61-47F3-BEEE-C5A141987986}.Release|x86.ActiveCfg = Release|Any CPU
		{0DC6D1B6-0A61-47F3-BEEE-C5A141987986}.SingleImage|Any CPU.ActiveCfg = Release|Any CPU
		{0DC6D1B6-0A61-47F3-BEEE-C5A141987986}.SingleImage|Any CPU.Build.0 = Release|Any CPU
		{0DC6D1B6-0A61-47F3-BEEE-C5A141987986}.SingleImage|Mixed Platforms.ActiveCfg = Release|Any CPU
		{0DC6D1B6-0A61-47F3-BEEE-C5A141987986}.SingleImage|Mixed Platforms.Build.0 = Release|Any CPU
		{0DC6D1B6-0A61-47F3-BEEE-C5A141987986}.SingleImage|Win32.ActiveCfg = Release|Any CPU
		{0DC6D1B6-0A61-47F3-BEEE-C5A141987986}.SingleImage|x64.ActiveCfg = Release|x64
		{0DC6D1B6-0A61-47F3-BEEE-C5A141987986}.SingleImage|x64.Build.0 = Release|x64
		{0DC6D1B6-0A61-47F3-BEEE-C5A141987986}.SingleImage|x86.ActiveCfg = Release|Any CPU
	EndGlobalSection
	GlobalSection(SolutionProperties) = preSolution
		HideSolutionNode = FALSE
	EndGlobalSection
EndGlobal
